
Microsoft Visual Studio Solution File, Format Version 12.00
# Visual Studio Version 17
VisualStudioVersion = 17.10.35027.167
MinimumVisualStudioVersion = 10.0.40219.1
Project("{9A19103F-16F7-4668-BE54-9A1E7A4F7556}") = "ZoneRV", "ZoneRV\ZoneRV.csproj", "{092A3C64-AD98-445F-BF3F-2A310A31E703}"
EndProject
Project("{9A19103F-16F7-4668-BE54-9A1E7A4F7556}") = "ZoneRV.Tests", "ZoneRV.Tests\ZoneRV.Tests.csproj", "{08B0854B-4792-4E88-86C7-A1EB73E2EA64}"
	ProjectSection(ProjectDependencies) = postProject
		{092A3C64-AD98-445F-BF3F-2A310A31E703} = {092A3C64-AD98-445F-BF3F-2A310A31E703}
	EndProjectSection
EndProject
Project("{9A19103F-16F7-4668-BE54-9A1E7A4F7556}") = "ZoneRV.Services.Trello", "ZoneRV.Services.Trello\ZoneRV.Services.Trello.csproj", "{CC3883BF-6878-45CA-A987-2929B3AD4911}"
EndProject
Project("{FAE04EC0-301F-11D3-BF4B-00C04F79EFBC}") = "ZoneRV.Api", "ZoneRV.Api\ZoneRV.Api.csproj", "{0F228731-CDD4-473A-B3B6-1C84843766E2}"
EndProject
Project("{FAE04EC0-301F-11D3-BF4B-00C04F79EFBC}") = "ZoneRV.Migrations", "ZoneRV.Migrations\ZoneRV.Migrations.csproj", "{7899EE3E-8AB8-42CF-A23A-A292D269B7A3}"
EndProject
Project("{FAE04EC0-301F-11D3-BF4B-00C04F79EFBC}") = "ZoneRV.Services.Test", "ZoneRV.Services.Test\ZoneRV.Services.Test.csproj", "{EE02A57E-BD55-4207-BDE1-4AC90369DC88}"
EndProject
Global
	GlobalSection(SolutionConfigurationPlatforms) = preSolution
		Debug|Any CPU = Debug|Any CPU
		Release|Any CPU = Release|Any CPU
	EndGlobalSection
	GlobalSection(ProjectConfigurationPlatforms) = postSolution
		{092A3C64-AD98-445F-BF3F-2A310A31E703}.Debug|Any CPU.ActiveCfg = Debug|Any CPU
		{092A3C64-AD98-445F-BF3F-2A310A31E703}.Debug|Any CPU.Build.0 = Debug|Any CPU
		{092A3C64-AD98-445F-BF3F-2A310A31E703}.Release|Any CPU.ActiveCfg = Release|Any CPU
		{092A3C64-AD98-445F-BF3F-2A310A31E703}.Release|Any CPU.Build.0 = Release|Any CPU
		{08B0854B-4792-4E88-86C7-A1EB73E2EA64}.Debug|Any CPU.ActiveCfg = Debug|Any CPU
		{08B0854B-4792-4E88-86C7-A1EB73E2EA64}.Debug|Any CPU.Build.0 = Debug|Any CPU
		{08B0854B-4792-4E88-86C7-A1EB73E2EA64}.Release|Any CPU.ActiveCfg = Release|Any CPU
		{08B0854B-4792-4E88-86C7-A1EB73E2EA64}.Release|Any CPU.Build.0 = Release|Any CPU
		{CC3883BF-6878-45CA-A987-2929B3AD4911}.Debug|Any CPU.ActiveCfg = Debug|Any CPU
		{CC3883BF-6878-45CA-A987-2929B3AD4911}.Debug|Any CPU.Build.0 = Debug|Any CPU
		{CC3883BF-6878-45CA-A987-2929B3AD4911}.Release|Any CPU.ActiveCfg = Release|Any CPU
		{CC3883BF-6878-45CA-A987-2929B3AD4911}.Release|Any CPU.Build.0 = Release|Any CPU
		{0F228731-CDD4-473A-B3B6-1C84843766E2}.Debug|Any CPU.ActiveCfg = Debug|Any CPU
		{0F228731-CDD4-473A-B3B6-1C84843766E2}.Debug|Any CPU.Build.0 = Debug|Any CPU
		{0F228731-CDD4-473A-B3B6-1C84843766E2}.Release|Any CPU.ActiveCfg = Release|Any CPU
		{0F228731-CDD4-473A-B3B6-1C84843766E2}.Release|Any CPU.Build.0 = Release|Any CPU
		{7899EE3E-8AB8-42CF-A23A-A292D269B7A3}.Debug|Any CPU.ActiveCfg = Debug|Any CPU
		{7899EE3E-8AB8-42CF-A23A-A292D269B7A3}.Debug|Any CPU.Build.0 = Debug|Any CPU
		{7899EE3E-8AB8-42CF-A23A-A292D269B7A3}.Release|Any CPU.ActiveCfg = Release|Any CPU
		{7899EE3E-8AB8-42CF-A23A-A292D269B7A3}.Release|Any CPU.Build.0 = Release|Any CPU
		{EE02A57E-BD55-4207-BDE1-4AC90369DC88}.Debug|Any CPU.ActiveCfg = Debug|Any CPU
		{EE02A57E-BD55-4207-BDE1-4AC90369DC88}.Debug|Any CPU.Build.0 = Debug|Any CPU
		{EE02A57E-BD55-4207-BDE1-4AC90369DC88}.Release|Any CPU.ActiveCfg = Release|Any CPU
		{EE02A57E-BD55-4207-BDE1-4AC90369DC88}.Release|Any CPU.Build.0 = Release|Any CPU
	EndGlobalSection
	GlobalSection(SolutionProperties) = preSolution
		HideSolutionNode = FALSE
	EndGlobalSection
	GlobalSection(ExtensibilityGlobals) = postSolution
		SolutionGuid = {176CD88D-9B3E-4879-BC7D-711DE3F9FC99}
	EndGlobalSection
EndGlobal
